
Microsoft Visual Studio Solution File, Format Version 12.00
# Visual Studio Version 17
VisualStudioVersion = 17.9.34728.123
MinimumVisualStudioVersion = 10.0.40219.1
Project("{9A19103F-16F7-4668-BE54-9A1E7A4F7556}") = "WebApplication1", "WebApplication1\WebApplication1.csproj", "{1AA2DB15-5235-4F08-AFAC-671833C717D0}"
EndProject
Project("{9A19103F-16F7-4668-BE54-9A1E7A4F7556}") = "Models", "Models\Models.csproj", "{2F328E35-634A-4E99-8013-E85DD3822257}"
EndProject
Project("{9A19103F-16F7-4668-BE54-9A1E7A4F7556}") = "Data", "Data\Data.csproj", "{1C0E8F4B-E61B-4057-B7FA-CAA65E82CF9A}"
EndProject
Project("{FAE04EC0-301F-11D3-BF4B-00C04F79EFBC}") = "TestProject1", "TestProject1\TestProject1.csproj", "{0BC8E382-16B0-4DBB-BDBC-6B9AE6B913B3}"
EndProject
Global
	GlobalSection(SolutionConfigurationPlatforms) = preSolution
		Debug|Any CPU = Debug|Any CPU
		Release|Any CPU = Release|Any CPU
	EndGlobalSection
	GlobalSection(ProjectConfigurationPlatforms) = postSolution
		{1AA2DB15-5235-4F08-AFAC-671833C717D0}.Debug|Any CPU.ActiveCfg = Debug|Any CPU
		{1AA2DB15-5235-4F08-AFAC-671833C717D0}.Debug|Any CPU.Build.0 = Debug|Any CPU
		{1AA2DB15-5235-4F08-AFAC-671833C717D0}.Release|Any CPU.ActiveCfg = Release|Any CPU
		{1AA2DB15-5235-4F08-AFAC-671833C717D0}.Release|Any CPU.Build.0 = Release|Any CPU
		{2F328E35-634A-4E99-8013-E85DD3822257}.Debug|Any CPU.ActiveCfg = Debug|Any CPU
		{2F328E35-634A-4E99-8013-E85DD3822257}.Debug|Any CPU.Build.0 = Debug|Any CPU
		{2F328E35-634A-4E99-8013-E85DD3822257}.Release|Any CPU.ActiveCfg = Release|Any CPU
		{2F328E35-634A-4E99-8013-E85DD3822257}.Release|Any CPU.Build.0 = Release|Any CPU
		{1C0E8F4B-E61B-4057-B7FA-CAA65E82CF9A}.Debug|Any CPU.ActiveCfg = Debug|Any CPU
		{1C0E8F4B-E61B-4057-B7FA-CAA65E82CF9A}.Debug|Any CPU.Build.0 = Debug|Any CPU
		{1C0E8F4B-E61B-4057-B7FA-CAA65E82CF9A}.Release|Any CPU.ActiveCfg = Release|Any CPU
		{1C0E8F4B-E61B-4057-B7FA-CAA65E82CF9A}.Release|Any CPU.Build.0 = Release|Any CPU
		{0BC8E382-16B0-4DBB-BDBC-6B9AE6B913B3}.Debug|Any CPU.ActiveCfg = Debug|Any CPU
		{0BC8E382-16B0-4DBB-BDBC-6B9AE6B913B3}.Debug|Any CPU.Build.0 = Debug|Any CPU
		{0BC8E382-16B0-4DBB-BDBC-6B9AE6B913B3}.Release|Any CPU.ActiveCfg = Release|Any CPU
		{0BC8E382-16B0-4DBB-BDBC-6B9AE6B913B3}.Release|Any CPU.Build.0 = Release|Any CPU
	EndGlobalSection
	GlobalSection(SolutionProperties) = preSolution
		HideSolutionNode = FALSE
	EndGlobalSection
	GlobalSection(ExtensibilityGlobals) = postSolution
		SolutionGuid = {E56B6878-7086-4FD2-B3E0-2A2F4218D038}
	EndGlobalSection
EndGlobal
